
Microsoft Visual Studio Solution File, Format Version 12.00
# Visual Studio Version 17
Project("{2150E333-8FDC-42A3-9474-1A3956D46DE8}") = "CMakePredefinedTargets", "CMakePredefinedTargets", "{322846F0-E07F-3B04-B885-FD05E371E110}"
EndProject
Project("{2150E333-8FDC-42A3-9474-1A3956D46DE8}") = "GLFW3", "GLFW3", "{9F011356-768A-388A-A309-9009E5A987BC}"
EndProject
Project("{8BC9CEB8-8B4A-11D0-8D11-00A0C91BC942}") = "ALL_BUILD", "ALL_BUILD.vcxproj", "{5B9CDE5B-7219-3AC9-B369-F548EFAE31B9}"
	ProjectSection(ProjectDependencies) = postProject
		{A38394AE-2E45-33B9-8C5C-64832FD0E1E4} = {A38394AE-2E45-33B9-8C5C-64832FD0E1E4}
		{BAA9E614-0A31-397B-84BE-5A0DD7CE394D} = {BAA9E614-0A31-397B-84BE-5A0DD7CE394D}
	EndProjectSection
EndProject
Project("{8BC9CEB8-8B4A-11D0-8D11-00A0C91BC942}") = "INSTALL", "INSTALL.vcxproj", "{0475A8A3-CCD5-358F-B28A-939C148309E0}"
	ProjectSection(ProjectDependencies) = postProject
		{5B9CDE5B-7219-3AC9-B369-F548EFAE31B9} = {5B9CDE5B-7219-3AC9-B369-F548EFAE31B9}
		{A38394AE-2E45-33B9-8C5C-64832FD0E1E4} = {A38394AE-2E45-33B9-8C5C-64832FD0E1E4}
	EndProjectSection
EndProject
Project("{8BC9CEB8-8B4A-11D0-8D11-00A0C91BC942}") = "ZERO_CHECK", "C:\Users\tiwar\Desktop\compGraphics\OGLBaseLab4-24\build\ZERO_CHECK.vcxproj", "{A38394AE-2E45-33B9-8C5C-64832FD0E1E4}"
	ProjectSection(ProjectDependencies) = postProject
	EndProjectSection
EndProject
Project("{8BC9CEB8-8B4A-11D0-8D11-00A0C91BC942}") = "glfw", "src\glfw.vcxproj", "{BAA9E614-0A31-397B-84BE-5A0DD7CE394D}"
	ProjectSection(ProjectDependencies) = postProject
		{A38394AE-2E45-33B9-8C5C-64832FD0E1E4} = {A38394AE-2E45-33B9-8C5C-64832FD0E1E4}
	EndProjectSection
EndProject
Project("{8BC9CEB8-8B4A-11D0-8D11-00A0C91BC942}") = "uninstall", "uninstall.vcxproj", "{C52406F9-2E6E-3241-ACC1-2E977BCE6854}"
	ProjectSection(ProjectDependencies) = postProject
		{A38394AE-2E45-33B9-8C5C-64832FD0E1E4} = {A38394AE-2E45-33B9-8C5C-64832FD0E1E4}
	EndProjectSection
EndProject
Project("{8BC9CEB8-8B4A-11D0-8D11-00A0C91BC942}") = "update_mappings", "src\update_mappings.vcxproj", "{2E6C1B7C-A6FA-394B-8790-7EDF5015BBE3}"
	ProjectSection(ProjectDependencies) = postProject
		{A38394AE-2E45-33B9-8C5C-64832FD0E1E4} = {A38394AE-2E45-33B9-8C5C-64832FD0E1E4}
	EndProjectSection
EndProject
Global
	GlobalSection(SolutionConfigurationPlatforms) = preSolution
		Debug|x64 = Debug|x64
		Release|x64 = Release|x64
		MinSizeRel|x64 = MinSizeRel|x64
		RelWithDebInfo|x64 = RelWithDebInfo|x64
	EndGlobalSection
	GlobalSection(ProjectConfigurationPlatforms) = postSolution
		{5B9CDE5B-7219-3AC9-B369-F548EFAE31B9}.Debug|x64.ActiveCfg = Debug|x64
		{5B9CDE5B-7219-3AC9-B369-F548EFAE31B9}.Debug|x64.Build.0 = Debug|x64
		{5B9CDE5B-7219-3AC9-B369-F548EFAE31B9}.Release|x64.ActiveCfg = Release|x64
		{5B9CDE5B-7219-3AC9-B369-F548EFAE31B9}.Release|x64.Build.0 = Release|x64
		{5B9CDE5B-7219-3AC9-B369-F548EFAE31B9}.MinSizeRel|x64.ActiveCfg = MinSizeRel|x64
		{5B9CDE5B-7219-3AC9-B369-F548EFAE31B9}.MinSizeRel|x64.Build.0 = MinSizeRel|x64
		{5B9CDE5B-7219-3AC9-B369-F548EFAE31B9}.RelWithDebInfo|x64.ActiveCfg = RelWithDebInfo|x64
		{5B9CDE5B-7219-3AC9-B369-F548EFAE31B9}.RelWithDebInfo|x64.Build.0 = RelWithDebInfo|x64
		{0475A8A3-CCD5-358F-B28A-939C148309E0}.Debug|x64.ActiveCfg = Debug|x64
		{0475A8A3-CCD5-358F-B28A-939C148309E0}.Release|x64.ActiveCfg = Release|x64
		{0475A8A3-CCD5-358F-B28A-939C148309E0}.MinSizeRel|x64.ActiveCfg = MinSizeRel|x64
		{0475A8A3-CCD5-358F-B28A-939C148309E0}.RelWithDebInfo|x64.ActiveCfg = RelWithDebInfo|x64
		{A38394AE-2E45-33B9-8C5C-64832FD0E1E4}.Debug|x64.ActiveCfg = Debug|x64
		{A38394AE-2E45-33B9-8C5C-64832FD0E1E4}.Debug|x64.Build.0 = Debug|x64
		{A38394AE-2E45-33B9-8C5C-64832FD0E1E4}.Release|x64.ActiveCfg = Release|x64
		{A38394AE-2E45-33B9-8C5C-64832FD0E1E4}.Release|x64.Build.0 = Release|x64
		{A38394AE-2E45-33B9-8C5C-64832FD0E1E4}.MinSizeRel|x64.ActiveCfg = MinSizeRel|x64
		{A38394AE-2E45-33B9-8C5C-64832FD0E1E4}.MinSizeRel|x64.Build.0 = MinSizeRel|x64
		{A38394AE-2E45-33B9-8C5C-64832FD0E1E4}.RelWithDebInfo|x64.ActiveCfg = RelWithDebInfo|x64
		{A38394AE-2E45-33B9-8C5C-64832FD0E1E4}.RelWithDebInfo|x64.Build.0 = RelWithDebInfo|x64
		{BAA9E614-0A31-397B-84BE-5A0DD7CE394D}.Debug|x64.ActiveCfg = Debug|x64
		{BAA9E614-0A31-397B-84BE-5A0DD7CE394D}.Debug|x64.Build.0 = Debug|x64
		{BAA9E614-0A31-397B-84BE-5A0DD7CE394D}.Release|x64.ActiveCfg = Release|x64
		{BAA9E614-0A31-397B-84BE-5A0DD7CE394D}.Release|x64.Build.0 = Release|x64
		{BAA9E614-0A31-397B-84BE-5A0DD7CE394D}.MinSizeRel|x64.ActiveCfg = MinSizeRel|x64
		{BAA9E614-0A31-397B-84BE-5A0DD7CE394D}.MinSizeRel|x64.Build.0 = MinSizeRel|x64
		{BAA9E614-0A31-397B-84BE-5A0DD7CE394D}.RelWithDebInfo|x64.ActiveCfg = RelWithDebInfo|x64
		{BAA9E614-0A31-397B-84BE-5A0DD7CE394D}.RelWithDebInfo|x64.Build.0 = RelWithDebInfo|x64
		{C52406F9-2E6E-3241-ACC1-2E977BCE6854}.Debug|x64.ActiveCfg = Debug|x64
		{C52406F9-2E6E-3241-ACC1-2E977BCE6854}.Release|x64.ActiveCfg = Release|x64
		{C52406F9-2E6E-3241-ACC1-2E977BCE6854}.MinSizeRel|x64.ActiveCfg = MinSizeRel|x64
		{C52406F9-2E6E-3241-ACC1-2E977BCE6854}.RelWithDebInfo|x64.ActiveCfg = RelWithDebInfo|x64
		{2E6C1B7C-A6FA-394B-8790-7EDF5015BBE3}.Debug|x64.ActiveCfg = Debug|x64
		{2E6C1B7C-A6FA-394B-8790-7EDF5015BBE3}.Release|x64.ActiveCfg = Release|x64
		{2E6C1B7C-A6FA-394B-8790-7EDF5015BBE3}.MinSizeRel|x64.ActiveCfg = MinSizeRel|x64
		{2E6C1B7C-A6FA-394B-8790-7EDF5015BBE3}.RelWithDebInfo|x64.ActiveCfg = RelWithDebInfo|x64
	EndGlobalSection
	GlobalSection(NestedProjects) = preSolution
		{5B9CDE5B-7219-3AC9-B369-F548EFAE31B9} = {322846F0-E07F-3B04-B885-FD05E371E110}
		{0475A8A3-CCD5-358F-B28A-939C148309E0} = {322846F0-E07F-3B04-B885-FD05E371E110}
		{A38394AE-2E45-33B9-8C5C-64832FD0E1E4} = {322846F0-E07F-3B04-B885-FD05E371E110}
		{BAA9E614-0A31-397B-84BE-5A0DD7CE394D} = {9F011356-768A-388A-A309-9009E5A987BC}
		{C52406F9-2E6E-3241-ACC1-2E977BCE6854} = {9F011356-768A-388A-A309-9009E5A987BC}
		{2E6C1B7C-A6FA-394B-8790-7EDF5015BBE3} = {9F011356-768A-388A-A309-9009E5A987BC}
	EndGlobalSection
	GlobalSection(ExtensibilityGlobals) = postSolution
		SolutionGuid = {D997E82F-F3E7-3F35-A00D-BD1B312B22CF}
	EndGlobalSection
	GlobalSection(ExtensibilityAddIns) = postSolution
	EndGlobalSection
EndGlobal
